// !$*UTF8*$!
{
	archiveVersion = 1;
	classes = {
	};
	objectVersion = 55;
	objects = {

/* Begin PBXBuildFile section */
		FA9EF46728B39866000CBE8D /* MapAppSampleApp.swift in Sources */ = {isa = PBXBuildFile; fileRef = FA9EF46628B39866000CBE8D /* MapAppSampleApp.swift */; };
		FA9EF46E28B39868000CBE8D /* Preview Assets.xcassets in Resources */ = {isa = PBXBuildFile; fileRef = FA9EF46D28B39868000CBE8D /* Preview Assets.xcassets */; };
		FAAC72F428BA2B5300DF0712 /* LocationPreviewView.swift in Sources */ = {isa = PBXBuildFile; fileRef = FAAC72F328BA2B5200DF0712 /* LocationPreviewView.swift */; };
		FAF274AA28B8B6C900E40540 /* LocationDataService.swift in Sources */ = {isa = PBXBuildFile; fileRef = FAF274A928B8B6C900E40540 /* LocationDataService.swift */; };
		FAF274AC28B8B74400E40540 /* Assets.xcassets in Resources */ = {isa = PBXBuildFile; fileRef = FAF274AB28B8B74400E40540 /* Assets.xcassets */; };
		FAF274B228B8C4FB00E40540 /* Location.swift in Sources */ = {isa = PBXBuildFile; fileRef = FAF274B128B8C4FB00E40540 /* Location.swift */; };
		FAF274B428B8C67500E40540 /* LocationsView.swift in Sources */ = {isa = PBXBuildFile; fileRef = FAF274B328B8C67500E40540 /* LocationsView.swift */; };
		FAF274B628B8D0AA00E40540 /* LocationsViewModel.swift in Sources */ = {isa = PBXBuildFile; fileRef = FAF274B528B8D0AA00E40540 /* LocationsViewModel.swift */; };
		FAF274B828B9061500E40540 /* LocationsListView.swift in Sources */ = {isa = PBXBuildFile; fileRef = FAF274B728B9061500E40540 /* LocationsListView.swift */; };
/* End PBXBuildFile section */

/* Begin PBXFileReference section */
		FA9EF46328B39866000CBE8D /* MapAppSample.app */ = {isa = PBXFileReference; explicitFileType = wrapper.application; includeInIndex = 0; path = MapAppSample.app; sourceTree = BUILT_PRODUCTS_DIR; };
		FA9EF46628B39866000CBE8D /* MapAppSampleApp.swift */ = {isa = PBXFileReference; lastKnownFileType = sourcecode.swift; path = MapAppSampleApp.swift; sourceTree = "<group>"; };
		FA9EF46D28B39868000CBE8D /* Preview Assets.xcassets */ = {isa = PBXFileReference; lastKnownFileType = folder.assetcatalog; path = "Preview Assets.xcassets"; sourceTree = "<group>"; };
		FAAC72F328BA2B5200DF0712 /* LocationPreviewView.swift */ = {isa = PBXFileReference; lastKnownFileType = sourcecode.swift; path = LocationPreviewView.swift; sourceTree = "<group>"; };
		FAF274A928B8B6C900E40540 /* LocationDataService.swift */ = {isa = PBXFileReference; lastKnownFileType = sourcecode.swift; path = LocationDataService.swift; sourceTree = "<group>"; };
		FAF274AB28B8B74400E40540 /* Assets.xcassets */ = {isa = PBXFileReference; lastKnownFileType = folder.assetcatalog; path = Assets.xcassets; sourceTree = "<group>"; };
		FAF274B128B8C4FB00E40540 /* Location.swift */ = {isa = PBXFileReference; lastKnownFileType = sourcecode.swift; path = Location.swift; sourceTree = "<group>"; };
		FAF274B328B8C67500E40540 /* LocationsView.swift */ = {isa = PBXFileReference; lastKnownFileType = sourcecode.swift; path = LocationsView.swift; sourceTree = "<group>"; };
		FAF274B528B8D0AA00E40540 /* LocationsViewModel.swift */ = {isa = PBXFileReference; lastKnownFileType = sourcecode.swift; path = LocationsViewModel.swift; sourceTree = "<group>"; };
		FAF274B728B9061500E40540 /* LocationsListView.swift */ = {isa = PBXFileReference; lastKnownFileType = sourcecode.swift; path = LocationsListView.swift; sourceTree = "<group>"; };
/* End PBXFileReference section */

/* Begin PBXFrameworksBuildPhase section */
		FA9EF46028B39866000CBE8D /* Frameworks */ = {
			isa = PBXFrameworksBuildPhase;
			buildActionMask = 2147483647;
			files = (
			);
			runOnlyForDeploymentPostprocessing = 0;
		};
/* End PBXFrameworksBuildPhase section */

/* Begin PBXGroup section */
		FA9EF45A28B39866000CBE8D = {
			isa = PBXGroup;
			children = (
				FA9EF46528B39866000CBE8D /* MapAppSample */,
				FA9EF46428B39866000CBE8D /* Products */,
			);
			sourceTree = "<group>";
		};
		FA9EF46428B39866000CBE8D /* Products */ = {
			isa = PBXGroup;
			children = (
				FA9EF46328B39866000CBE8D /* MapAppSample.app */,
			);
			name = Products;
			sourceTree = "<group>";
		};
		FA9EF46528B39866000CBE8D /* MapAppSample */ = {
			isa = PBXGroup;
			children = (
				FA9EF46628B39866000CBE8D /* MapAppSampleApp.swift */,
				FAF274AF28B8C49900E40540 /* Models */,
				FAF274AE28B8C49200E40540 /* ViewModels */,
				FAF274AD28B8C48600E40540 /* Views */,
				FAF274B028B8C4B000E40540 /* DataServices */,
				FAF274AB28B8B74400E40540 /* Assets.xcassets */,
				FA9EF46C28B39868000CBE8D /* Preview Content */,
			);
			path = MapAppSample;
			sourceTree = "<group>";
		};
		FA9EF46C28B39868000CBE8D /* Preview Content */ = {
			isa = PBXGroup;
			children = (
				FA9EF46D28B39868000CBE8D /* Preview Assets.xcassets */,
			);
			path = "Preview Content";
			sourceTree = "<group>";
		};
		FAF274AD28B8C48600E40540 /* Views */ = {
			isa = PBXGroup;
			children = (
				FAF274B328B8C67500E40540 /* LocationsView.swift */,
				FAF274B728B9061500E40540 /* LocationsListView.swift */,
				FAAC72F328BA2B5200DF0712 /* LocationPreviewView.swift */,
			);
			path = Views;
			sourceTree = "<group>";
		};
		FAF274AE28B8C49200E40540 /* ViewModels */ = {
			isa = PBXGroup;
			children = (
				FAF274B528B8D0AA00E40540 /* LocationsViewModel.swift */,
			);
			path = ViewModels;
			sourceTree = "<group>";
		};
		FAF274AF28B8C49900E40540 /* Models */ = {
			isa = PBXGroup;
			children = (
				FAF274B128B8C4FB00E40540 /* Location.swift */,
			);
			path = Models;
			sourceTree = "<group>";
		};
		FAF274B028B8C4B000E40540 /* DataServices */ = {
			isa = PBXGroup;
			children = (
				FAF274A928B8B6C900E40540 /* LocationDataService.swift */,
			);
			path = DataServices;
			sourceTree = "<group>";
		};
/* End PBXGroup section */

/* Begin PBXNativeTarget section */
		FA9EF46228B39866000CBE8D /* MapAppSample */ = {
			isa = PBXNativeTarget;
			buildConfigurationList = FA9EF47128B39868000CBE8D /* Build configuration list for PBXNativeTarget "MapAppSample" */;
			buildPhases = (
				FA9EF45F28B39866000CBE8D /* Sources */,
				FA9EF46028B39866000CBE8D /* Frameworks */,
				FA9EF46128B39866000CBE8D /* Resources */,
			);
			buildRules = (
			);
			dependencies = (
			);
			name = MapAppSample;
			productName = MapAppSample;
			productReference = FA9EF46328B39866000CBE8D /* MapAppSample.app */;
			productType = "com.apple.product-type.application";
		};
/* End PBXNativeTarget section */

/* Begin PBXProject section */
		FA9EF45B28B39866000CBE8D /* Project object */ = {
			isa = PBXProject;
			attributes = {
				BuildIndependentTargetsInParallel = 1;
				LastSwiftUpdateCheck = 1340;
				LastUpgradeCheck = 1340;
				TargetAttributes = {
					FA9EF46228B39866000CBE8D = {
						CreatedOnToolsVersion = 13.4.1;
					};
				};
			};
			buildConfigurationList = FA9EF45E28B39866000CBE8D /* Build configuration list for PBXProject "MapAppSample" */;
			compatibilityVersion = "Xcode 13.0";
			developmentRegion = en;
			hasScannedForEncodings = 0;
			knownRegions = (
				en,
				Base,
			);
			mainGroup = FA9EF45A28B39866000CBE8D;
			productRefGroup = FA9EF46428B39866000CBE8D /* Products */;
			projectDirPath = "";
			projectRoot = "";
			targets = (
				FA9EF46228B39866000CBE8D /* MapAppSample */,
			);
		};
/* End PBXProject section */

/* Begin PBXResourcesBuildPhase section */
		FA9EF46128B39866000CBE8D /* Resources */ = {
			isa = PBXResourcesBuildPhase;
			buildActionMask = 2147483647;
			files = (
				FAF274AC28B8B74400E40540 /* Assets.xcassets in Resources */,
				FA9EF46E28B39868000CBE8D /* Preview Assets.xcassets in Resources */,
			);
			runOnlyForDeploymentPostprocessing = 0;
		};
/* End PBXResourcesBuildPhase section */

/* Begin PBXSourcesBuildPhase section */
		FA9EF45F28B39866000CBE8D /* Sources */ = {
			isa = PBXSourcesBuildPhase;
			buildActionMask = 2147483647;
			files = (
				FAF274B628B8D0AA00E40540 /* LocationsViewModel.swift in Sources */,
				FA9EF46728B39866000CBE8D /* MapAppSampleApp.swift in Sources */,
				FAF274B428B8C67500E40540 /* LocationsView.swift in Sources */,
				FAF274B828B9061500E40540 /* LocationsListView.swift in Sources */,
				FAAC72F428BA2B5300DF0712 /* LocationPreviewView.swift in Sources */,
				FAF274B228B8C4FB00E40540 /* Location.swift in Sources */,
				FAF274AA28B8B6C900E40540 /* LocationDataService.swift in Sources */,
			);
			runOnlyForDeploymentPostprocessing = 0;
		};
/* End PBXSourcesBuildPhase section */

/* Begin XCBuildConfiguration section */
		FA9EF46F28B39868000CBE8D /* Debug */ = {
			isa = XCBuildConfiguration;
			buildSettings = {
				ALWAYS_SEARCH_USER_PATHS = NO;
				CLANG_ANALYZER_NONNULL = YES;
				CLANG_ANALYZER_NUMBER_OBJECT_CONVERSION = YES_AGGRESSIVE;
				CLANG_CXX_LANGUAGE_STANDARD = "gnu++17";
				CLANG_ENABLE_MODULES = YES;
				CLANG_ENABLE_OBJC_ARC = YES;
				CLANG_ENABLE_OBJC_WEAK = YES;
				CLANG_WARN_BLOCK_CAPTURE_AUTORELEASING = YES;
				CLANG_WARN_BOOL_CONVERSION = YES;
				CLANG_WARN_COMMA = YES;
				CLANG_WARN_CONSTANT_CONVERSION = YES;
				CLANG_WARN_DEPRECATED_OBJC_IMPLEMENTATIONS = YES;
				CLANG_WARN_DIRECT_OBJC_ISA_USAGE = YES_ERROR;
				CLANG_WARN_DOCUMENTATION_COMMENTS = YES;
				CLANG_WARN_EMPTY_BODY = YES;
				CLANG_WARN_ENUM_CONVERSION = YES;
				CLANG_WARN_INFINITE_RECURSION = YES;
				CLANG_WARN_INT_CONVERSION = YES;
				CLANG_WARN_NON_LITERAL_NULL_CONVERSION = YES;
				CLANG_WARN_OBJC_IMPLICIT_RETAIN_SELF = YES;
				CLANG_WARN_OBJC_LITERAL_CONVERSION = YES;
				CLANG_WARN_OBJC_ROOT_CLASS = YES_ERROR;
				CLANG_WARN_QUOTED_INCLUDE_IN_FRAMEWORK_HEADER = YES;
				CLANG_WARN_RANGE_LOOP_ANALYSIS = YES;
				CLANG_WARN_STRICT_PROTOTYPES = YES;
				CLANG_WARN_SUSPICIOUS_MOVE = YES;
				CLANG_WARN_UNGUARDED_AVAILABILITY = YES_AGGRESSIVE;
				CLANG_WARN_UNREACHABLE_CODE = YES;
				CLANG_WARN__DUPLICATE_METHOD_MATCH = YES;
				COPY_PHASE_STRIP = NO;
				DEBUG_INFORMATION_FORMAT = dwarf;
				ENABLE_STRICT_OBJC_MSGSEND = YES;
				ENABLE_TESTABILITY = YES;
				GCC_C_LANGUAGE_STANDARD = gnu11;
				GCC_DYNAMIC_NO_PIC = NO;
				GCC_NO_COMMON_BLOCKS = YES;
				GCC_OPTIMIZATION_LEVEL = 0;
				GCC_PREPROCESSOR_DEFINITIONS = (
					"DEBUG=1",
					"$(inherited)",
				);
				GCC_WARN_64_TO_32_BIT_CONVERSION = YES;
				GCC_WARN_ABOUT_RETURN_TYPE = YES_ERROR;
				GCC_WARN_UNDECLARED_SELECTOR = YES;
				GCC_WARN_UNINITIALIZED_AUTOS = YES_AGGRESSIVE;
				GCC_WARN_UNUSED_FUNCTION = YES;
				GCC_WARN_UNUSED_VARIABLE = YES;
				IPHONEOS_DEPLOYMENT_TARGET = 15.0;
				MTL_ENABLE_DEBUG_INFO = INCLUDE_SOURCE;
				MTL_FAST_MATH = YES;
				ONLY_ACTIVE_ARCH = YES;
				SDKROOT = iphoneos;
				SWIFT_ACTIVE_COMPILATION_CONDITIONS = DEBUG;
				SWIFT_OPTIMIZATION_LEVEL = "-Onone";
			};
			name = Debug;
		};
		FA9EF47028B39868000CBE8D /* Release */ = {
			isa = XCBuildConfiguration;
			buildSettings = {
				ALWAYS_SEARCH_USER_PATHS = NO;
				CLANG_ANALYZER_NONNULL = YES;
				CLANG_ANALYZER_NUMBER_OBJECT_CONVERSION = YES_AGGRESSIVE;
				CLANG_CXX_LANGUAGE_STANDARD = "gnu++17";
				CLANG_ENABLE_MODULES = YES;
				CLANG_ENABLE_OBJC_ARC = YES;
				CLANG_ENABLE_OBJC_WEAK = YES;
				CLANG_WARN_BLOCK_CAPTURE_AUTORELEASING = YES;
				CLANG_WARN_BOOL_CONVERSION = YES;
				CLANG_WARN_COMMA = YES;
				CLANG_WARN_CONSTANT_CONVERSION = YES;
				CLANG_WARN_DEPRECATED_OBJC_IMPLEMENTATIONS = YES;
				CLANG_WARN_DIRECT_OBJC_ISA_USAGE = YES_ERROR;
				CLANG_WARN_DOCUMENTATION_COMMENTS = YES;
				CLANG_WARN_EMPTY_BODY = YES;
				CLANG_WARN_ENUM_CONVERSION = YES;
				CLANG_WARN_INFINITE_RECURSION = YES;
				CLANG_WARN_INT_CONVERSION = YES;
				CLANG_WARN_NON_LITERAL_NULL_CONVERSION = YES;
				CLANG_WARN_OBJC_IMPLICIT_RETAIN_SELF = YES;
				CLANG_WARN_OBJC_LITERAL_CONVERSION = YES;
				CLANG_WARN_OBJC_ROOT_CLASS = YES_ERROR;
				CLANG_WARN_QUOTED_INCLUDE_IN_FRAMEWORK_HEADER = YES;
				CLANG_WARN_RANGE_LOOP_ANALYSIS = YES;
				CLANG_WARN_STRICT_PROTOTYPES = YES;
				CLANG_WARN_SUSPICIOUS_MOVE = YES;
				CLANG_WARN_UNGUARDED_AVAILABILITY = YES_AGGRESSIVE;
				CLANG_WARN_UNREACHABLE_CODE = YES;
				CLANG_WARN__DUPLICATE_METHOD_MATCH = YES;
				COPY_PHASE_STRIP = NO;
				DEBUG_INFORMATION_FORMAT = "dwarf-with-dsym";
				ENABLE_NS_ASSERTIONS = NO;
				ENABLE_STRICT_OBJC_MSGSEND = YES;
				GCC_C_LANGUAGE_STANDARD = gnu11;
				GCC_NO_COMMON_BLOCKS = YES;
				GCC_WARN_64_TO_32_BIT_CONVERSION = YES;
				GCC_WARN_ABOUT_RETURN_TYPE = YES_ERROR;
				GCC_WARN_UNDECLARED_SELECTOR = YES;
				GCC_WARN_UNINITIALIZED_AUTOS = YES_AGGRESSIVE;
				GCC_WARN_UNUSED_FUNCTION = YES;
				GCC_WARN_UNUSED_VARIABLE = YES;
				IPHONEOS_DEPLOYMENT_TARGET = 15.0;
				MTL_ENABLE_DEBUG_INFO = NO;
				MTL_FAST_MATH = YES;
				SDKROOT = iphoneos;
				SWIFT_COMPILATION_MODE = wholemodule;
				SWIFT_OPTIMIZATION_LEVEL = "-O";
				VALIDATE_PRODUCT = YES;
			};
			name = Release;
		};
		FA9EF47228B39868000CBE8D /* Debug */ = {
			isa = XCBuildConfiguration;
			buildSettings = {
				ASSETCATALOG_COMPILER_APPICON_NAME = AppIcon;
				ASSETCATALOG_COMPILER_GLOBAL_ACCENT_COLOR_NAME = AccentColor;
				CODE_SIGN_STYLE = Automatic;
				CURRENT_PROJECT_VERSION = 1;
				DEVELOPMENT_ASSET_PATHS = "\"MapAppSample/Preview Content\"";
				DEVELOPMENT_TEAM = QN9H6D325T;
				ENABLE_PREVIEWS = YES;
				GENERATE_INFOPLIST_FILE = YES;
				INFOPLIST_KEY_UIApplicationSceneManifest_Generation = YES;
				INFOPLIST_KEY_UIApplicationSupportsIndirectInputEvents = YES;
				INFOPLIST_KEY_UILaunchScreen_Generation = YES;
				INFOPLIST_KEY_UISupportedInterfaceOrientations_iPad = "UIInterfaceOrientationPortrait UIInterfaceOrientationPortraitUpsideDown UIInterfaceOrientationLandscapeLeft UIInterfaceOrientationLandscapeRight";
				INFOPLIST_KEY_UISupportedInterfaceOrientations_iPhone = "UIInterfaceOrientationPortrait UIInterfaceOrientationLandscapeLeft UIInterfaceOrientationLandscapeRight";
				LD_RUNPATH_SEARCH_PATHS = (
					"$(inherited)",
					"@executable_path/Frameworks",
				);
				MARKETING_VERSION = 1.0;
				PRODUCT_BUNDLE_IDENTIFIER = com.alexeykoleda.MapAppSample;
				PRODUCT_NAME = "$(TARGET_NAME)";
				SWIFT_EMIT_LOC_STRINGS = YES;
				SWIFT_VERSION = 5.0;
				TARGETED_DEVICE_FAMILY = "1,2";
			};
			name = Debug;
		};
		FA9EF47328B39868000CBE8D /* Release */ = {
			isa = XCBuildConfiguration;
			buildSettings = {
				ASSETCATALOG_COMPILER_APPICON_NAME = AppIcon;
				ASSETCATALOG_COMPILER_GLOBAL_ACCENT_COLOR_NAME = AccentColor;
				CODE_SIGN_STYLE = Automatic;
				CURRENT_PROJECT_VERSION = 1;
				DEVELOPMENT_ASSET_PATHS = "\"MapAppSample/Preview Content\"";
				DEVELOPMENT_TEAM = QN9H6D325T;
				ENABLE_PREVIEWS = YES;
				GENERATE_INFOPLIST_FILE = YES;
				INFOPLIST_KEY_UIApplicationSceneManifest_Generation = YES;
				INFOPLIST_KEY_UIApplicationSupportsIndirectInputEvents = YES;
				INFOPLIST_KEY_UILaunchScreen_Generation = YES;
				INFOPLIST_KEY_UISupportedInterfaceOrientations_iPad = "UIInterfaceOrientationPortrait UIInterfaceOrientationPortraitUpsideDown UIInterfaceOrientationLandscapeLeft UIInterfaceOrientationLandscapeRight";
				INFOPLIST_KEY_UISupportedInterfaceOrientations_iPhone = "UIInterfaceOrientationPortrait UIInterfaceOrientationLandscapeLeft UIInterfaceOrientationLandscapeRight";
				LD_RUNPATH_SEARCH_PATHS = (
					"$(inherited)",
					"@executable_path/Frameworks",
				);
				MARKETING_VERSION = 1.0;
				PRODUCT_BUNDLE_IDENTIFIER = com.alexeykoleda.MapAppSample;
				PRODUCT_NAME = "$(TARGET_NAME)";
				SWIFT_EMIT_LOC_STRINGS = YES;
				SWIFT_VERSION = 5.0;
				TARGETED_DEVICE_FAMILY = "1,2";
			};
			name = Release;
		};
/* End XCBuildConfiguration section */

/* Begin XCConfigurationList section */
		FA9EF45E28B39866000CBE8D /* Build configuration list for PBXProject "MapAppSample" */ = {
			isa = XCConfigurationList;
			buildConfigurations = (
				FA9EF46F28B39868000CBE8D /* Debug */,
				FA9EF47028B39868000CBE8D /* Release */,
			);
			defaultConfigurationIsVisible = 0;
			defaultConfigurationName = Release;
		};
		FA9EF47128B39868000CBE8D /* Build configuration list for PBXNativeTarget "MapAppSample" */ = {
			isa = XCConfigurationList;
			buildConfigurations = (
				FA9EF47228B39868000CBE8D /* Debug */,
				FA9EF47328B39868000CBE8D /* Release */,
			);
			defaultConfigurationIsVisible = 0;
			defaultConfigurationName = Release;
		};
/* End XCConfigurationList section */
	};
	rootObject = FA9EF45B28B39866000CBE8D /* Project object */;
}
